
Microsoft Visual Studio Solution File, Format Version 12.00
# Visual Studio Version 17
VisualStudioVersion = 17.13.35931.197 d17.13
MinimumVisualStudioVersion = 10.0.40219.1
Project("{FAE04EC0-301F-11D3-BF4B-00C04F79EFBC}") = "kursach", "kursach.csproj", "{8D9B281C-AE6D-4D66-9F24-FDC576AE785E}"
EndProject
Global
	GlobalSection(SolutionConfigurationPlatforms) = preSolution
		Debug|Any CPU = Debug|Any CPU
		Release|Any CPU = Release|Any CPU
	EndGlobalSection
	GlobalSection(ProjectConfigurationPlatforms) = postSolution
		{8D9B281C-AE6D-4D66-9F24-FDC576AE785E}.Debug|Any CPU.ActiveCfg = Debug|Any CPU
		{8D9B281C-AE6D-4D66-9F24-FDC576AE785E}.Debug|Any CPU.Build.0 = Debug|Any CPU
		{8D9B281C-AE6D-4D66-9F24-FDC576AE785E}.Release|Any CPU.ActiveCfg = Release|Any CPU
		{8D9B281C-AE6D-4D66-9F24-FDC576AE785E}.Release|Any CPU.Build.0 = Release|Any CPU
	EndGlobalSection
	GlobalSection(SolutionProperties) = preSolution
		HideSolutionNode = FALSE
	EndGlobalSection
	GlobalSection(ExtensibilityGlobals) = postSolution
		SolutionGuid = {BF361ACC-3A28-42BB-ACF6-C8FBD80AA70D}
	EndGlobalSection
EndGlobal
